// !$*UTF8*$!
{
	archiveVersion = 1;
	classes = {
	};
	objectVersion = 56;
	objects = {

/* Begin PBXBuildFile section */
		3625A04829017B2800CA1D85 /* ActivityDetail.swift in Sources */ = {isa = PBXBuildFile; fileRef = 3625A04729017B2800CA1D85 /* ActivityDetail.swift */; };
		364A6439291D6AAB006582A0 /* IntelligenSAP.xcdatamodeld in Sources */ = {isa = PBXBuildFile; fileRef = 364A6437291D6AAB006582A0 /* IntelligenSAP.xcdatamodeld */; };
		365ADBF4293637A200239D5A /* TimeSheetView.swift in Sources */ = {isa = PBXBuildFile; fileRef = 365ADBF3293637A200239D5A /* TimeSheetView.swift */; };
		3689BE0A28F38F07006738C6 /* GeneradorDeReporte.swift in Sources */ = {isa = PBXBuildFile; fileRef = 3689BE0928F38F07006738C6 /* GeneradorDeReporte.swift */; };
		3689BE1228F39873006738C6 /* Constants.swift in Sources */ = {isa = PBXBuildFile; fileRef = 3689BE1028F39873006738C6 /* Constants.swift */; };
		3689BE1328F39873006738C6 /* Email.txt in Resources */ = {isa = PBXBuildFile; fileRef = 3689BE1128F39873006738C6 /* Email.txt */; };
		3689BE1628F3999E006738C6 /* MailView.swift in Sources */ = {isa = PBXBuildFile; fileRef = 3689BE1428F3999E006738C6 /* MailView.swift */; };
		369621D9291AE0D000121065 /* GeneradorDeReporte2.swift in Sources */ = {isa = PBXBuildFile; fileRef = 369621D8291AE0D000121065 /* GeneradorDeReporte2.swift */; };
		3699379A290B90FB00A252AB /* DayDetail.swift in Sources */ = {isa = PBXBuildFile; fileRef = 36993799290B90FB00A252AB /* DayDetail.swift */; };
		36A8C38F293171BC0099E05F /* TimeSheet+CoreDataClass.swift in Sources */ = {isa = PBXBuildFile; fileRef = 36A8C387293171BC0099E05F /* TimeSheet+CoreDataClass.swift */; };
		36A8C390293171BC0099E05F /* TimeSheet+CoreDataProperties.swift in Sources */ = {isa = PBXBuildFile; fileRef = 36A8C388293171BC0099E05F /* TimeSheet+CoreDataProperties.swift */; };
		36A8C391293171BC0099E05F /* Day+CoreDataClass.swift in Sources */ = {isa = PBXBuildFile; fileRef = 36A8C389293171BC0099E05F /* Day+CoreDataClass.swift */; };
		36A8C392293171BC0099E05F /* Day+CoreDataProperties.swift in Sources */ = {isa = PBXBuildFile; fileRef = 36A8C38A293171BC0099E05F /* Day+CoreDataProperties.swift */; };
		36A8C393293171BC0099E05F /* Month+CoreDataClass.swift in Sources */ = {isa = PBXBuildFile; fileRef = 36A8C38B293171BC0099E05F /* Month+CoreDataClass.swift */; };
		36A8C394293171BC0099E05F /* Month+CoreDataProperties.swift in Sources */ = {isa = PBXBuildFile; fileRef = 36A8C38C293171BC0099E05F /* Month+CoreDataProperties.swift */; };
		36A8C395293171BC0099E05F /* Activity+CoreDataClass.swift in Sources */ = {isa = PBXBuildFile; fileRef = 36A8C38D293171BC0099E05F /* Activity+CoreDataClass.swift */; };
		36A8C396293171BC0099E05F /* Activity+CoreDataProperties.swift in Sources */ = {isa = PBXBuildFile; fileRef = 36A8C38E293171BC0099E05F /* Activity+CoreDataProperties.swift */; };
		36A8C3982931736C0099E05F /* DataController.swift in Sources */ = {isa = PBXBuildFile; fileRef = 36A8C3972931736C0099E05F /* DataController.swift */; };
		36A8C3A12931BEDF0099E05F /* PerfilView.swift in Sources */ = {isa = PBXBuildFile; fileRef = 36A8C3A02931BEDF0099E05F /* PerfilView.swift */; };
		36A8C3A92932EA3C0099E05F /* Extensions.swift in Sources */ = {isa = PBXBuildFile; fileRef = 36A8C3A82932EA3C0099E05F /* Extensions.swift */; };
		36A8C3AF2934D6B70099E05F /* DayDetailActivity.swift in Sources */ = {isa = PBXBuildFile; fileRef = 36A8C3AE2934D6B70099E05F /* DayDetailActivity.swift */; };
		36A8C3B12934EAC40099E05F /* TimeSheetGenerator.swift in Sources */ = {isa = PBXBuildFile; fileRef = 36A8C3B02934EAC40099E05F /* TimeSheetGenerator.swift */; };
		36C04C3428F635C100B8E66C /* HomeView.swift in Sources */ = {isa = PBXBuildFile; fileRef = 36C04C3328F635C100B8E66C /* HomeView.swift */; };
		36C4AC8D2906D28E00DE8F37 /* MSAL in Frameworks */ = {isa = PBXBuildFile; productRef = 36C4AC8C2906D28E00DE8F37 /* MSAL */; };
		36D4588528F5D7E800B04CE3 /* InicioView.swift in Sources */ = {isa = PBXBuildFile; fileRef = 36D4588428F5D7E800B04CE3 /* InicioView.swift */; };
		36DA5EC728F6FE9D0080B010 /* CalendarHelper.swift in Sources */ = {isa = PBXBuildFile; fileRef = 36DA5EC028F6FE9D0080B010 /* CalendarHelper.swift */; };
		36DA5EC928F6FE9D0080B010 /* CalendarCell.swift in Sources */ = {isa = PBXBuildFile; fileRef = 36DA5EC228F6FE9D0080B010 /* CalendarCell.swift */; };
		36DA5ECC28F6FF8F0080B010 /* CalendarView.swift in Sources */ = {isa = PBXBuildFile; fileRef = 36DA5ECB28F6FF8F0080B010 /* CalendarView.swift */; };
		36F7DD2D28F3876300103389 /* IntelligenSAPApp.swift in Sources */ = {isa = PBXBuildFile; fileRef = 36F7DD2C28F3876300103389 /* IntelligenSAPApp.swift */; };
		36F7DD2F28F3876300103389 /* ContentView.swift in Sources */ = {isa = PBXBuildFile; fileRef = 36F7DD2E28F3876300103389 /* ContentView.swift */; };
		36F7DD3128F3876300103389 /* Assets.xcassets in Resources */ = {isa = PBXBuildFile; fileRef = 36F7DD3028F3876300103389 /* Assets.xcassets */; };
		36F7DD3528F3876300103389 /* Preview Assets.xcassets in Resources */ = {isa = PBXBuildFile; fileRef = 36F7DD3428F3876300103389 /* Preview Assets.xcassets */; };
		36F7DD3F28F3876300103389 /* IntelligenSAPTests.swift in Sources */ = {isa = PBXBuildFile; fileRef = 36F7DD3E28F3876300103389 /* IntelligenSAPTests.swift */; };
		36F7DD4928F3876300103389 /* IntelligenSAPUITests.swift in Sources */ = {isa = PBXBuildFile; fileRef = 36F7DD4828F3876300103389 /* IntelligenSAPUITests.swift */; };
		36F7DD4B28F3876300103389 /* IntelligenSAPUITestsLaunchTests.swift in Sources */ = {isa = PBXBuildFile; fileRef = 36F7DD4A28F3876300103389 /* IntelligenSAPUITestsLaunchTests.swift */; };
		36F7DD5928F3885E00103389 /* SwiftXLSX in Frameworks */ = {isa = PBXBuildFile; productRef = 36F7DD5828F3885E00103389 /* SwiftXLSX */; };
/* End PBXBuildFile section */

/* Begin PBXContainerItemProxy section */
		36F7DD3B28F3876300103389 /* PBXContainerItemProxy */ = {
			isa = PBXContainerItemProxy;
			containerPortal = 36F7DD2128F3876300103389 /* Project object */;
			proxyType = 1;
			remoteGlobalIDString = 36F7DD2828F3876300103389;
			remoteInfo = IntelligenSAP;
		};
		36F7DD4528F3876300103389 /* PBXContainerItemProxy */ = {
			isa = PBXContainerItemProxy;
			containerPortal = 36F7DD2128F3876300103389 /* Project object */;
			proxyType = 1;
			remoteGlobalIDString = 36F7DD2828F3876300103389;
			remoteInfo = IntelligenSAP;
		};
/* End PBXContainerItemProxy section */

/* Begin PBXFileReference section */
		3625A04729017B2800CA1D85 /* ActivityDetail.swift */ = {isa = PBXFileReference; lastKnownFileType = sourcecode.swift; path = ActivityDetail.swift; sourceTree = "<group>"; };
		364A6438291D6AAB006582A0 /* IntelligenSAP.xcdatamodel */ = {isa = PBXFileReference; lastKnownFileType = wrapper.xcdatamodel; path = IntelligenSAP.xcdatamodel; sourceTree = "<group>"; };
		365ADBF3293637A200239D5A /* TimeSheetView.swift */ = {isa = PBXFileReference; lastKnownFileType = sourcecode.swift; path = TimeSheetView.swift; sourceTree = "<group>"; };
		3689BE0928F38F07006738C6 /* GeneradorDeReporte.swift */ = {isa = PBXFileReference; lastKnownFileType = sourcecode.swift; path = GeneradorDeReporte.swift; sourceTree = "<group>"; };
		3689BE1028F39873006738C6 /* Constants.swift */ = {isa = PBXFileReference; fileEncoding = 4; lastKnownFileType = sourcecode.swift; path = Constants.swift; sourceTree = "<group>"; };
		3689BE1128F39873006738C6 /* Email.txt */ = {isa = PBXFileReference; fileEncoding = 4; lastKnownFileType = text; path = Email.txt; sourceTree = "<group>"; };
		3689BE1428F3999E006738C6 /* MailView.swift */ = {isa = PBXFileReference; fileEncoding = 4; lastKnownFileType = sourcecode.swift; path = MailView.swift; sourceTree = "<group>"; };
		368E54302906D43300E77C0A /* Info.plist */ = {isa = PBXFileReference; lastKnownFileType = text.plist; path = Info.plist; sourceTree = "<group>"; };
		369621D8291AE0D000121065 /* GeneradorDeReporte2.swift */ = {isa = PBXFileReference; lastKnownFileType = sourcecode.swift; path = GeneradorDeReporte2.swift; sourceTree = "<group>"; };
		36993799290B90FB00A252AB /* DayDetail.swift */ = {isa = PBXFileReference; lastKnownFileType = sourcecode.swift; path = DayDetail.swift; sourceTree = "<group>"; };
		36A8C387293171BC0099E05F /* TimeSheet+CoreDataClass.swift */ = {isa = PBXFileReference; lastKnownFileType = sourcecode.swift; path = "TimeSheet+CoreDataClass.swift"; sourceTree = "<group>"; };
		36A8C388293171BC0099E05F /* TimeSheet+CoreDataProperties.swift */ = {isa = PBXFileReference; lastKnownFileType = sourcecode.swift; path = "TimeSheet+CoreDataProperties.swift"; sourceTree = "<group>"; };
		36A8C389293171BC0099E05F /* Day+CoreDataClass.swift */ = {isa = PBXFileReference; lastKnownFileType = sourcecode.swift; path = "Day+CoreDataClass.swift"; sourceTree = "<group>"; };
		36A8C38A293171BC0099E05F /* Day+CoreDataProperties.swift */ = {isa = PBXFileReference; lastKnownFileType = sourcecode.swift; path = "Day+CoreDataProperties.swift"; sourceTree = "<group>"; };
		36A8C38B293171BC0099E05F /* Month+CoreDataClass.swift */ = {isa = PBXFileReference; lastKnownFileType = sourcecode.swift; path = "Month+CoreDataClass.swift"; sourceTree = "<group>"; };
		36A8C38C293171BC0099E05F /* Month+CoreDataProperties.swift */ = {isa = PBXFileReference; lastKnownFileType = sourcecode.swift; path = "Month+CoreDataProperties.swift"; sourceTree = "<group>"; };
		36A8C38D293171BC0099E05F /* Activity+CoreDataClass.swift */ = {isa = PBXFileReference; lastKnownFileType = sourcecode.swift; path = "Activity+CoreDataClass.swift"; sourceTree = "<group>"; };
		36A8C38E293171BC0099E05F /* Activity+CoreDataProperties.swift */ = {isa = PBXFileReference; lastKnownFileType = sourcecode.swift; path = "Activity+CoreDataProperties.swift"; sourceTree = "<group>"; };
		36A8C3972931736C0099E05F /* DataController.swift */ = {isa = PBXFileReference; lastKnownFileType = sourcecode.swift; path = DataController.swift; sourceTree = "<group>"; };
		36A8C3A02931BEDF0099E05F /* PerfilView.swift */ = {isa = PBXFileReference; lastKnownFileType = sourcecode.swift; path = PerfilView.swift; sourceTree = "<group>"; };
		36A8C3A82932EA3C0099E05F /* Extensions.swift */ = {isa = PBXFileReference; lastKnownFileType = sourcecode.swift; path = Extensions.swift; sourceTree = "<group>"; };
		36A8C3AE2934D6B70099E05F /* DayDetailActivity.swift */ = {isa = PBXFileReference; lastKnownFileType = sourcecode.swift; path = DayDetailActivity.swift; sourceTree = "<group>"; };
		36A8C3B02934EAC40099E05F /* TimeSheetGenerator.swift */ = {isa = PBXFileReference; lastKnownFileType = sourcecode.swift; path = TimeSheetGenerator.swift; sourceTree = "<group>"; };
		36C04C3328F635C100B8E66C /* HomeView.swift */ = {isa = PBXFileReference; lastKnownFileType = sourcecode.swift; path = HomeView.swift; sourceTree = "<group>"; };
		36D4588428F5D7E800B04CE3 /* InicioView.swift */ = {isa = PBXFileReference; lastKnownFileType = sourcecode.swift; path = InicioView.swift; sourceTree = "<group>"; };
		36DA5EC028F6FE9D0080B010 /* CalendarHelper.swift */ = {isa = PBXFileReference; fileEncoding = 4; lastKnownFileType = sourcecode.swift; path = CalendarHelper.swift; sourceTree = "<group>"; };
		36DA5EC228F6FE9D0080B010 /* CalendarCell.swift */ = {isa = PBXFileReference; fileEncoding = 4; lastKnownFileType = sourcecode.swift; path = CalendarCell.swift; sourceTree = "<group>"; };
		36DA5ECB28F6FF8F0080B010 /* CalendarView.swift */ = {isa = PBXFileReference; fileEncoding = 4; lastKnownFileType = sourcecode.swift; path = CalendarView.swift; sourceTree = "<group>"; };
		36F7DD2928F3876300103389 /* IntelligenSAP.app */ = {isa = PBXFileReference; explicitFileType = wrapper.application; includeInIndex = 0; path = IntelligenSAP.app; sourceTree = BUILT_PRODUCTS_DIR; };
		36F7DD2C28F3876300103389 /* IntelligenSAPApp.swift */ = {isa = PBXFileReference; lastKnownFileType = sourcecode.swift; path = IntelligenSAPApp.swift; sourceTree = "<group>"; };
		36F7DD2E28F3876300103389 /* ContentView.swift */ = {isa = PBXFileReference; lastKnownFileType = sourcecode.swift; path = ContentView.swift; sourceTree = "<group>"; };
		36F7DD3028F3876300103389 /* Assets.xcassets */ = {isa = PBXFileReference; lastKnownFileType = folder.assetcatalog; path = Assets.xcassets; sourceTree = "<group>"; };
		36F7DD3228F3876300103389 /* IntelligenSAP.entitlements */ = {isa = PBXFileReference; lastKnownFileType = text.plist.entitlements; path = IntelligenSAP.entitlements; sourceTree = "<group>"; };
		36F7DD3428F3876300103389 /* Preview Assets.xcassets */ = {isa = PBXFileReference; lastKnownFileType = folder.assetcatalog; path = "Preview Assets.xcassets"; sourceTree = "<group>"; };
		36F7DD3A28F3876300103389 /* IntelligenSAPTests.xctest */ = {isa = PBXFileReference; explicitFileType = wrapper.cfbundle; includeInIndex = 0; path = IntelligenSAPTests.xctest; sourceTree = BUILT_PRODUCTS_DIR; };
		36F7DD3E28F3876300103389 /* IntelligenSAPTests.swift */ = {isa = PBXFileReference; lastKnownFileType = sourcecode.swift; path = IntelligenSAPTests.swift; sourceTree = "<group>"; };
		36F7DD4428F3876300103389 /* IntelligenSAPUITests.xctest */ = {isa = PBXFileReference; explicitFileType = wrapper.cfbundle; includeInIndex = 0; path = IntelligenSAPUITests.xctest; sourceTree = BUILT_PRODUCTS_DIR; };
		36F7DD4828F3876300103389 /* IntelligenSAPUITests.swift */ = {isa = PBXFileReference; lastKnownFileType = sourcecode.swift; path = IntelligenSAPUITests.swift; sourceTree = "<group>"; };
		36F7DD4A28F3876300103389 /* IntelligenSAPUITestsLaunchTests.swift */ = {isa = PBXFileReference; lastKnownFileType = sourcecode.swift; path = IntelligenSAPUITestsLaunchTests.swift; sourceTree = "<group>"; };
/* End PBXFileReference section */

/* Begin PBXFrameworksBuildPhase section */
		36F7DD2628F3876300103389 /* Frameworks */ = {
			isa = PBXFrameworksBuildPhase;
			buildActionMask = 2147483647;
			files = (
				36F7DD5928F3885E00103389 /* SwiftXLSX in Frameworks */,
				36C4AC8D2906D28E00DE8F37 /* MSAL in Frameworks */,
			);
			runOnlyForDeploymentPostprocessing = 0;
		};
		36F7DD3728F3876300103389 /* Frameworks */ = {
			isa = PBXFrameworksBuildPhase;
			buildActionMask = 2147483647;
			files = (
			);
			runOnlyForDeploymentPostprocessing = 0;
		};
		36F7DD4128F3876300103389 /* Frameworks */ = {
			isa = PBXFrameworksBuildPhase;
			buildActionMask = 2147483647;
			files = (
			);
			runOnlyForDeploymentPostprocessing = 0;
		};
/* End PBXFrameworksBuildPhase section */

/* Begin PBXGroup section */
		3636826E29316F0E0032264F /* Data Model */ = {
			isa = PBXGroup;
			children = (
				36A8C3972931736C0099E05F /* DataController.swift */,
				364A6437291D6AAB006582A0 /* IntelligenSAP.xcdatamodeld */,
				36A8C387293171BC0099E05F /* TimeSheet+CoreDataClass.swift */,
				36A8C388293171BC0099E05F /* TimeSheet+CoreDataProperties.swift */,
				36A8C389293171BC0099E05F /* Day+CoreDataClass.swift */,
				36A8C38A293171BC0099E05F /* Day+CoreDataProperties.swift */,
				36A8C38B293171BC0099E05F /* Month+CoreDataClass.swift */,
				36A8C38C293171BC0099E05F /* Month+CoreDataProperties.swift */,
				36A8C38D293171BC0099E05F /* Activity+CoreDataClass.swift */,
				36A8C38E293171BC0099E05F /* Activity+CoreDataProperties.swift */,
			);
			path = "Data Model";
			sourceTree = "<group>";
		};
		3689BE0828F38B9F006738C6 /* Reporte de Actividades */ = {
			isa = PBXGroup;
			children = (
				365ADBF3293637A200239D5A /* TimeSheetView.swift */,
				36DA5ECB28F6FF8F0080B010 /* CalendarView.swift */,
				36DA5EC228F6FE9D0080B010 /* CalendarCell.swift */,
				36993799290B90FB00A252AB /* DayDetail.swift */,
				36A8C3AE2934D6B70099E05F /* DayDetailActivity.swift */,
				3625A04729017B2800CA1D85 /* ActivityDetail.swift */,
				3689BE0928F38F07006738C6 /* GeneradorDeReporte.swift */,
				369621D8291AE0D000121065 /* GeneradorDeReporte2.swift */,
			);
			path = "Reporte de Actividades";
			sourceTree = "<group>";
		};
		3689BE0B28F396C9006738C6 /* Email Manager */ = {
			isa = PBXGroup;
			children = (
				3689BE1428F3999E006738C6 /* MailView.swift */,
				3689BE1028F39873006738C6 /* Constants.swift */,
				3689BE1128F39873006738C6 /* Email.txt */,
			);
			path = "Email Manager";
			sourceTree = "<group>";
		};
		3699379D290BF5A200A252AB /* Utilities */ = {
			isa = PBXGroup;
			children = (
				36DA5EC028F6FE9D0080B010 /* CalendarHelper.swift */,
				36A8C3B02934EAC40099E05F /* TimeSheetGenerator.swift */,
				36A8C3A82932EA3C0099E05F /* Extensions.swift */,
			);
			path = Utilities;
			sourceTree = "<group>";
		};
		36A8C39F2931BE7C0099E05F /* Perfil */ = {
			isa = PBXGroup;
			children = (
				36A8C3A02931BEDF0099E05F /* PerfilView.swift */,
			);
			path = Perfil;
			sourceTree = "<group>";
		};
		36D4588328F5D7C800B04CE3 /* Inicio */ = {
			isa = PBXGroup;
			children = (
				36D4588428F5D7E800B04CE3 /* InicioView.swift */,
				36C04C3328F635C100B8E66C /* HomeView.swift */,
			);
			path = Inicio;
			sourceTree = "<group>";
		};
		36F7DD2028F3876300103389 = {
			isa = PBXGroup;
			children = (
				36F7DD2B28F3876300103389 /* IntelligenSAP */,
				36F7DD3D28F3876300103389 /* IntelligenSAPTests */,
				36F7DD4728F3876300103389 /* IntelligenSAPUITests */,
				36F7DD2A28F3876300103389 /* Products */,
			);
			sourceTree = "<group>";
		};
		36F7DD2A28F3876300103389 /* Products */ = {
			isa = PBXGroup;
			children = (
				36F7DD2928F3876300103389 /* IntelligenSAP.app */,
				36F7DD3A28F3876300103389 /* IntelligenSAPTests.xctest */,
				36F7DD4428F3876300103389 /* IntelligenSAPUITests.xctest */,
			);
			name = Products;
			sourceTree = "<group>";
		};
		36F7DD2B28F3876300103389 /* IntelligenSAP */ = {
			isa = PBXGroup;
			children = (
				3636826E29316F0E0032264F /* Data Model */,
				368E54302906D43300E77C0A /* Info.plist */,
				36F7DD2C28F3876300103389 /* IntelligenSAPApp.swift */,
				36F7DD2E28F3876300103389 /* ContentView.swift */,
				36D4588328F5D7C800B04CE3 /* Inicio */,
				3689BE0828F38B9F006738C6 /* Reporte de Actividades */,
				3689BE0B28F396C9006738C6 /* Email Manager */,
				3699379D290BF5A200A252AB /* Utilities */,
				36A8C39F2931BE7C0099E05F /* Perfil */,
				36F7DD3028F3876300103389 /* Assets.xcassets */,
				36F7DD3228F3876300103389 /* IntelligenSAP.entitlements */,
				36F7DD3328F3876300103389 /* Preview Content */,
			);
			path = IntelligenSAP;
			sourceTree = "<group>";
		};
		36F7DD3328F3876300103389 /* Preview Content */ = {
			isa = PBXGroup;
			children = (
				36F7DD3428F3876300103389 /* Preview Assets.xcassets */,
			);
			path = "Preview Content";
			sourceTree = "<group>";
		};
		36F7DD3D28F3876300103389 /* IntelligenSAPTests */ = {
			isa = PBXGroup;
			children = (
				36F7DD3E28F3876300103389 /* IntelligenSAPTests.swift */,
			);
			path = IntelligenSAPTests;
			sourceTree = "<group>";
		};
		36F7DD4728F3876300103389 /* IntelligenSAPUITests */ = {
			isa = PBXGroup;
			children = (
				36F7DD4828F3876300103389 /* IntelligenSAPUITests.swift */,
				36F7DD4A28F3876300103389 /* IntelligenSAPUITestsLaunchTests.swift */,
			);
			path = IntelligenSAPUITests;
			sourceTree = "<group>";
		};
/* End PBXGroup section */

/* Begin PBXNativeTarget section */
		36F7DD2828F3876300103389 /* IntelligenSAP */ = {
			isa = PBXNativeTarget;
			buildConfigurationList = 36F7DD4E28F3876300103389 /* Build configuration list for PBXNativeTarget "IntelligenSAP" */;
			buildPhases = (
				36F7DD2528F3876300103389 /* Sources */,
				36F7DD2628F3876300103389 /* Frameworks */,
				36F7DD2728F3876300103389 /* Resources */,
			);
			buildRules = (
			);
			dependencies = (
			);
			name = IntelligenSAP;
			packageProductDependencies = (
				36F7DD5828F3885E00103389 /* SwiftXLSX */,
				36C4AC8C2906D28E00DE8F37 /* MSAL */,
			);
			productName = IntelligenSAP;
			productReference = 36F7DD2928F3876300103389 /* IntelligenSAP.app */;
			productType = "com.apple.product-type.application";
		};
		36F7DD3928F3876300103389 /* IntelligenSAPTests */ = {
			isa = PBXNativeTarget;
			buildConfigurationList = 36F7DD5128F3876300103389 /* Build configuration list for PBXNativeTarget "IntelligenSAPTests" */;
			buildPhases = (
				36F7DD3628F3876300103389 /* Sources */,
				36F7DD3728F3876300103389 /* Frameworks */,
				36F7DD3828F3876300103389 /* Resources */,
			);
			buildRules = (
			);
			dependencies = (
				36F7DD3C28F3876300103389 /* PBXTargetDependency */,
			);
			name = IntelligenSAPTests;
			productName = IntelligenSAPTests;
			productReference = 36F7DD3A28F3876300103389 /* IntelligenSAPTests.xctest */;
			productType = "com.apple.product-type.bundle.unit-test";
		};
		36F7DD4328F3876300103389 /* IntelligenSAPUITests */ = {
			isa = PBXNativeTarget;
			buildConfigurationList = 36F7DD5428F3876300103389 /* Build configuration list for PBXNativeTarget "IntelligenSAPUITests" */;
			buildPhases = (
				36F7DD4028F3876300103389 /* Sources */,
				36F7DD4128F3876300103389 /* Frameworks */,
				36F7DD4228F3876300103389 /* Resources */,
			);
			buildRules = (
			);
			dependencies = (
				36F7DD4628F3876300103389 /* PBXTargetDependency */,
			);
			name = IntelligenSAPUITests;
			productName = IntelligenSAPUITests;
			productReference = 36F7DD4428F3876300103389 /* IntelligenSAPUITests.xctest */;
			productType = "com.apple.product-type.bundle.ui-testing";
		};
/* End PBXNativeTarget section */

/* Begin PBXProject section */
		36F7DD2128F3876300103389 /* Project object */ = {
			isa = PBXProject;
			attributes = {
				BuildIndependentTargetsInParallel = 1;
				LastSwiftUpdateCheck = 1400;
				LastUpgradeCheck = 1410;
				TargetAttributes = {
					36F7DD2828F3876300103389 = {
						CreatedOnToolsVersion = 14.0.1;
					};
					36F7DD3928F3876300103389 = {
						CreatedOnToolsVersion = 14.0.1;
						TestTargetID = 36F7DD2828F3876300103389;
					};
					36F7DD4328F3876300103389 = {
						CreatedOnToolsVersion = 14.0.1;
						TestTargetID = 36F7DD2828F3876300103389;
					};
				};
			};
			buildConfigurationList = 36F7DD2428F3876300103389 /* Build configuration list for PBXProject "IntelligenSAP" */;
			compatibilityVersion = "Xcode 14.0";
			developmentRegion = en;
			hasScannedForEncodings = 0;
			knownRegions = (
				en,
				Base,
			);
			mainGroup = 36F7DD2028F3876300103389;
			packageReferences = (
				36F7DD5728F3885E00103389 /* XCRemoteSwiftPackageReference "SwiftXLSX" */,
				36C4AC8B2906D28E00DE8F37 /* XCRemoteSwiftPackageReference "microsoft-authentication-library-for-objc" */,
			);
			productRefGroup = 36F7DD2A28F3876300103389 /* Products */;
			projectDirPath = "";
			projectRoot = "";
			targets = (
				36F7DD2828F3876300103389 /* IntelligenSAP */,
				36F7DD3928F3876300103389 /* IntelligenSAPTests */,
				36F7DD4328F3876300103389 /* IntelligenSAPUITests */,
			);
		};
/* End PBXProject section */

/* Begin PBXResourcesBuildPhase section */
		36F7DD2728F3876300103389 /* Resources */ = {
			isa = PBXResourcesBuildPhase;
			buildActionMask = 2147483647;
			files = (
				3689BE1328F39873006738C6 /* Email.txt in Resources */,
				36F7DD3528F3876300103389 /* Preview Assets.xcassets in Resources */,
				36F7DD3128F3876300103389 /* Assets.xcassets in Resources */,
			);
			runOnlyForDeploymentPostprocessing = 0;
		};
		36F7DD3828F3876300103389 /* Resources */ = {
			isa = PBXResourcesBuildPhase;
			buildActionMask = 2147483647;
			files = (
			);
			runOnlyForDeploymentPostprocessing = 0;
		};
		36F7DD4228F3876300103389 /* Resources */ = {
			isa = PBXResourcesBuildPhase;
			buildActionMask = 2147483647;
			files = (
			);
			runOnlyForDeploymentPostprocessing = 0;
		};
/* End PBXResourcesBuildPhase section */

/* Begin PBXSourcesBuildPhase section */
		36F7DD2528F3876300103389 /* Sources */ = {
			isa = PBXSourcesBuildPhase;
			buildActionMask = 2147483647;
			files = (
				36DA5EC928F6FE9D0080B010 /* CalendarCell.swift in Sources */,
				36A8C3A12931BEDF0099E05F /* PerfilView.swift in Sources */,
				3625A04829017B2800CA1D85 /* ActivityDetail.swift in Sources */,
				36D4588528F5D7E800B04CE3 /* InicioView.swift in Sources */,
				364A6439291D6AAB006582A0 /* IntelligenSAP.xcdatamodeld in Sources */,
				36A8C392293171BC0099E05F /* Day+CoreDataProperties.swift in Sources */,
				36A8C391293171BC0099E05F /* Day+CoreDataClass.swift in Sources */,
				36A8C390293171BC0099E05F /* TimeSheet+CoreDataProperties.swift in Sources */,
				36DA5EC728F6FE9D0080B010 /* CalendarHelper.swift in Sources */,
				3689BE1228F39873006738C6 /* Constants.swift in Sources */,
				36DA5ECC28F6FF8F0080B010 /* CalendarView.swift in Sources */,
				3689BE1628F3999E006738C6 /* MailView.swift in Sources */,
				3689BE0A28F38F07006738C6 /* GeneradorDeReporte.swift in Sources */,
				36F7DD2F28F3876300103389 /* ContentView.swift in Sources */,
				36A8C395293171BC0099E05F /* Activity+CoreDataClass.swift in Sources */,
				36A8C394293171BC0099E05F /* Month+CoreDataProperties.swift in Sources */,
				365ADBF4293637A200239D5A /* TimeSheetView.swift in Sources */,
				36C04C3428F635C100B8E66C /* HomeView.swift in Sources */,
				369621D9291AE0D000121065 /* GeneradorDeReporte2.swift in Sources */,
				36A8C3B12934EAC40099E05F /* TimeSheetGenerator.swift in Sources */,
				36A8C3982931736C0099E05F /* DataController.swift in Sources */,
				36A8C38F293171BC0099E05F /* TimeSheet+CoreDataClass.swift in Sources */,
				36F7DD2D28F3876300103389 /* IntelligenSAPApp.swift in Sources */,
				36A8C3A92932EA3C0099E05F /* Extensions.swift in Sources */,
				36A8C3AF2934D6B70099E05F /* DayDetailActivity.swift in Sources */,
				36A8C393293171BC0099E05F /* Month+CoreDataClass.swift in Sources */,
				3699379A290B90FB00A252AB /* DayDetail.swift in Sources */,
				36A8C396293171BC0099E05F /* Activity+CoreDataProperties.swift in Sources */,
			);
			runOnlyForDeploymentPostprocessing = 0;
		};
		36F7DD3628F3876300103389 /* Sources */ = {
			isa = PBXSourcesBuildPhase;
			buildActionMask = 2147483647;
			files = (
				36F7DD3F28F3876300103389 /* IntelligenSAPTests.swift in Sources */,
			);
			runOnlyForDeploymentPostprocessing = 0;
		};
		36F7DD4028F3876300103389 /* Sources */ = {
			isa = PBXSourcesBuildPhase;
			buildActionMask = 2147483647;
			files = (
				36F7DD4B28F3876300103389 /* IntelligenSAPUITestsLaunchTests.swift in Sources */,
				36F7DD4928F3876300103389 /* IntelligenSAPUITests.swift in Sources */,
			);
			runOnlyForDeploymentPostprocessing = 0;
		};
/* End PBXSourcesBuildPhase section */

/* Begin PBXTargetDependency section */
		36F7DD3C28F3876300103389 /* PBXTargetDependency */ = {
			isa = PBXTargetDependency;
			target = 36F7DD2828F3876300103389 /* IntelligenSAP */;
			targetProxy = 36F7DD3B28F3876300103389 /* PBXContainerItemProxy */;
		};
		36F7DD4628F3876300103389 /* PBXTargetDependency */ = {
			isa = PBXTargetDependency;
			target = 36F7DD2828F3876300103389 /* IntelligenSAP */;
			targetProxy = 36F7DD4528F3876300103389 /* PBXContainerItemProxy */;
		};
/* End PBXTargetDependency section */

/* Begin XCBuildConfiguration section */
		36F7DD4C28F3876300103389 /* Debug */ = {
			isa = XCBuildConfiguration;
			buildSettings = {
				ALWAYS_SEARCH_USER_PATHS = NO;
				CLANG_ANALYZER_NONNULL = YES;
				CLANG_ANALYZER_NUMBER_OBJECT_CONVERSION = YES_AGGRESSIVE;
				CLANG_CXX_LANGUAGE_STANDARD = "gnu++20";
				CLANG_ENABLE_MODULES = YES;
				CLANG_ENABLE_OBJC_ARC = YES;
				CLANG_ENABLE_OBJC_WEAK = YES;
				CLANG_WARN_BLOCK_CAPTURE_AUTORELEASING = YES;
				CLANG_WARN_BOOL_CONVERSION = YES;
				CLANG_WARN_COMMA = YES;
				CLANG_WARN_CONSTANT_CONVERSION = YES;
				CLANG_WARN_DEPRECATED_OBJC_IMPLEMENTATIONS = YES;
				CLANG_WARN_DIRECT_OBJC_ISA_USAGE = YES_ERROR;
				CLANG_WARN_DOCUMENTATION_COMMENTS = YES;
				CLANG_WARN_EMPTY_BODY = YES;
				CLANG_WARN_ENUM_CONVERSION = YES;
				CLANG_WARN_INFINITE_RECURSION = YES;
				CLANG_WARN_INT_CONVERSION = YES;
				CLANG_WARN_NON_LITERAL_NULL_CONVERSION = YES;
				CLANG_WARN_OBJC_IMPLICIT_RETAIN_SELF = YES;
				CLANG_WARN_OBJC_LITERAL_CONVERSION = YES;
				CLANG_WARN_OBJC_ROOT_CLASS = YES_ERROR;
				CLANG_WARN_QUOTED_INCLUDE_IN_FRAMEWORK_HEADER = YES;
				CLANG_WARN_RANGE_LOOP_ANALYSIS = YES;
				CLANG_WARN_STRICT_PROTOTYPES = YES;
				CLANG_WARN_SUSPICIOUS_MOVE = YES;
				CLANG_WARN_UNGUARDED_AVAILABILITY = YES_AGGRESSIVE;
				CLANG_WARN_UNREACHABLE_CODE = YES;
				CLANG_WARN__DUPLICATE_METHOD_MATCH = YES;
				COPY_PHASE_STRIP = NO;
				DEAD_CODE_STRIPPING = YES;
				DEBUG_INFORMATION_FORMAT = dwarf;
				ENABLE_STRICT_OBJC_MSGSEND = YES;
				ENABLE_TESTABILITY = YES;
				GCC_C_LANGUAGE_STANDARD = gnu11;
				GCC_DYNAMIC_NO_PIC = NO;
				GCC_NO_COMMON_BLOCKS = YES;
				GCC_OPTIMIZATION_LEVEL = 0;
				GCC_PREPROCESSOR_DEFINITIONS = (
					"DEBUG=1",
					"$(inherited)",
				);
				GCC_WARN_64_TO_32_BIT_CONVERSION = YES;
				GCC_WARN_ABOUT_RETURN_TYPE = YES_ERROR;
				GCC_WARN_UNDECLARED_SELECTOR = YES;
				GCC_WARN_UNINITIALIZED_AUTOS = YES_AGGRESSIVE;
				GCC_WARN_UNUSED_FUNCTION = YES;
				GCC_WARN_UNUSED_VARIABLE = YES;
				MTL_ENABLE_DEBUG_INFO = INCLUDE_SOURCE;
				MTL_FAST_MATH = YES;
				ONLY_ACTIVE_ARCH = YES;
				SWIFT_ACTIVE_COMPILATION_CONDITIONS = DEBUG;
				SWIFT_OPTIMIZATION_LEVEL = "-Onone";
			};
			name = Debug;
		};
		36F7DD4D28F3876300103389 /* Release */ = {
			isa = XCBuildConfiguration;
			buildSettings = {
				ALWAYS_SEARCH_USER_PATHS = NO;
				CLANG_ANALYZER_NONNULL = YES;
				CLANG_ANALYZER_NUMBER_OBJECT_CONVERSION = YES_AGGRESSIVE;
				CLANG_CXX_LANGUAGE_STANDARD = "gnu++20";
				CLANG_ENABLE_MODULES = YES;
				CLANG_ENABLE_OBJC_ARC = YES;
				CLANG_ENABLE_OBJC_WEAK = YES;
				CLANG_WARN_BLOCK_CAPTURE_AUTORELEASING = YES;
				CLANG_WARN_BOOL_CONVERSION = YES;
				CLANG_WARN_COMMA = YES;
				CLANG_WARN_CONSTANT_CONVERSION = YES;
				CLANG_WARN_DEPRECATED_OBJC_IMPLEMENTATIONS = YES;
				CLANG_WARN_DIRECT_OBJC_ISA_USAGE = YES_ERROR;
				CLANG_WARN_DOCUMENTATION_COMMENTS = YES;
				CLANG_WARN_EMPTY_BODY = YES;
				CLANG_WARN_ENUM_CONVERSION = YES;
				CLANG_WARN_INFINITE_RECURSION = YES;
				CLANG_WARN_INT_CONVERSION = YES;
				CLANG_WARN_NON_LITERAL_NULL_CONVERSION = YES;
				CLANG_WARN_OBJC_IMPLICIT_RETAIN_SELF = YES;
				CLANG_WARN_OBJC_LITERAL_CONVERSION = YES;
				CLANG_WARN_OBJC_ROOT_CLASS = YES_ERROR;
				CLANG_WARN_QUOTED_INCLUDE_IN_FRAMEWORK_HEADER = YES;
				CLANG_WARN_RANGE_LOOP_ANALYSIS = YES;
				CLANG_WARN_STRICT_PROTOTYPES = YES;
				CLANG_WARN_SUSPICIOUS_MOVE = YES;
				CLANG_WARN_UNGUARDED_AVAILABILITY = YES_AGGRESSIVE;
				CLANG_WARN_UNREACHABLE_CODE = YES;
				CLANG_WARN__DUPLICATE_METHOD_MATCH = YES;
				COPY_PHASE_STRIP = NO;
				DEAD_CODE_STRIPPING = YES;
				DEBUG_INFORMATION_FORMAT = "dwarf-with-dsym";
				ENABLE_NS_ASSERTIONS = NO;
				ENABLE_STRICT_OBJC_MSGSEND = YES;
				GCC_C_LANGUAGE_STANDARD = gnu11;
				GCC_NO_COMMON_BLOCKS = YES;
				GCC_WARN_64_TO_32_BIT_CONVERSION = YES;
				GCC_WARN_ABOUT_RETURN_TYPE = YES_ERROR;
				GCC_WARN_UNDECLARED_SELECTOR = YES;
				GCC_WARN_UNINITIALIZED_AUTOS = YES_AGGRESSIVE;
				GCC_WARN_UNUSED_FUNCTION = YES;
				GCC_WARN_UNUSED_VARIABLE = YES;
				MTL_ENABLE_DEBUG_INFO = NO;
				MTL_FAST_MATH = YES;
				SWIFT_COMPILATION_MODE = wholemodule;
				SWIFT_OPTIMIZATION_LEVEL = "-O";
			};
			name = Release;
		};
		36F7DD4F28F3876300103389 /* Debug */ = {
			isa = XCBuildConfiguration;
			buildSettings = {
				ASSETCATALOG_COMPILER_APPICON_NAME = AppIcon;
				ASSETCATALOG_COMPILER_GLOBAL_ACCENT_COLOR_NAME = AccentColor;
				CODE_SIGN_ENTITLEMENTS = IntelligenSAP/IntelligenSAP.entitlements;
				CODE_SIGN_IDENTITY = "-";
				"CODE_SIGN_IDENTITY[sdk=iphoneos*]" = "Apple Development";
				CODE_SIGN_STYLE = Automatic;
				CURRENT_PROJECT_VERSION = 1;
				DEAD_CODE_STRIPPING = YES;
				DEVELOPMENT_ASSET_PATHS = "\"IntelligenSAP/Preview Content\"";
				DEVELOPMENT_TEAM = G99U6X9N9H;
				ENABLE_HARDENED_RUNTIME = YES;
				ENABLE_PREVIEWS = YES;
				GENERATE_INFOPLIST_FILE = YES;
				INFOPLIST_FILE = IntelligenSAP/Info.plist;
				"INFOPLIST_KEY_UIApplicationSceneManifest_Generation[sdk=iphoneos*]" = YES;
				"INFOPLIST_KEY_UIApplicationSceneManifest_Generation[sdk=iphonesimulator*]" = YES;
				"INFOPLIST_KEY_UIApplicationSupportsIndirectInputEvents[sdk=iphoneos*]" = YES;
				"INFOPLIST_KEY_UIApplicationSupportsIndirectInputEvents[sdk=iphonesimulator*]" = YES;
				"INFOPLIST_KEY_UILaunchScreen_Generation[sdk=iphoneos*]" = YES;
				"INFOPLIST_KEY_UILaunchScreen_Generation[sdk=iphonesimulator*]" = YES;
				"INFOPLIST_KEY_UIStatusBarStyle[sdk=iphoneos*]" = UIStatusBarStyleDefault;
				"INFOPLIST_KEY_UIStatusBarStyle[sdk=iphonesimulator*]" = UIStatusBarStyleDefault;
				INFOPLIST_KEY_UISupportedInterfaceOrientations_iPad = "UIInterfaceOrientationPortrait UIInterfaceOrientationPortraitUpsideDown UIInterfaceOrientationLandscapeLeft UIInterfaceOrientationLandscapeRight";
				INFOPLIST_KEY_UISupportedInterfaceOrientations_iPhone = "UIInterfaceOrientationPortrait UIInterfaceOrientationLandscapeLeft UIInterfaceOrientationLandscapeRight";
				IPHONEOS_DEPLOYMENT_TARGET = 16.0;
				LD_RUNPATH_SEARCH_PATHS = "@executable_path/Frameworks";
				"LD_RUNPATH_SEARCH_PATHS[sdk=macosx*]" = "@executable_path/../Frameworks";
				MACOSX_DEPLOYMENT_TARGET = 12.3;
				MARKETING_VERSION = 1.0;
				PRODUCT_BUNDLE_IDENTIFIER = com.IntelligenSAP.IntelligenSAP;
				PRODUCT_NAME = "$(TARGET_NAME)";
				SDKROOT = auto;
				SUPPORTED_PLATFORMS = "iphoneos iphonesimulator macosx";
				SWIFT_EMIT_LOC_STRINGS = YES;
				SWIFT_VERSION = 5.0;
				TARGETED_DEVICE_FAMILY = "1,2";
			};
			name = Debug;
		};
		36F7DD5028F3876300103389 /* Release */ = {
			isa = XCBuildConfiguration;
			buildSettings = {
				ASSETCATALOG_COMPILER_APPICON_NAME = AppIcon;
				ASSETCATALOG_COMPILER_GLOBAL_ACCENT_COLOR_NAME = AccentColor;
				CODE_SIGN_ENTITLEMENTS = IntelligenSAP/IntelligenSAP.entitlements;
				CODE_SIGN_IDENTITY = "-";
				"CODE_SIGN_IDENTITY[sdk=iphoneos*]" = "Apple Development";
				CODE_SIGN_STYLE = Automatic;
				CURRENT_PROJECT_VERSION = 1;
				DEAD_CODE_STRIPPING = YES;
				DEVELOPMENT_ASSET_PATHS = "\"IntelligenSAP/Preview Content\"";
				DEVELOPMENT_TEAM = G99U6X9N9H;
				ENABLE_HARDENED_RUNTIME = YES;
				ENABLE_PREVIEWS = YES;
				GENERATE_INFOPLIST_FILE = YES;
				INFOPLIST_FILE = IntelligenSAP/Info.plist;
				"INFOPLIST_KEY_UIApplicationSceneManifest_Generation[sdk=iphoneos*]" = YES;
				"INFOPLIST_KEY_UIApplicationSceneManifest_Generation[sdk=iphonesimulator*]" = YES;
				"INFOPLIST_KEY_UIApplicationSupportsIndirectInputEvents[sdk=iphoneos*]" = YES;
				"INFOPLIST_KEY_UIApplicationSupportsIndirectInputEvents[sdk=iphonesimulator*]" = YES;
				"INFOPLIST_KEY_UILaunchScreen_Generation[sdk=iphoneos*]" = YES;
				"INFOPLIST_KEY_UILaunchScreen_Generation[sdk=iphonesimulator*]" = YES;
				"INFOPLIST_KEY_UIStatusBarStyle[sdk=iphoneos*]" = UIStatusBarStyleDefault;
				"INFOPLIST_KEY_UIStatusBarStyle[sdk=iphonesimulator*]" = UIStatusBarStyleDefault;
				INFOPLIST_KEY_UISupportedInterfaceOrientations_iPad = "UIInterfaceOrientationPortrait UIInterfaceOrientationPortraitUpsideDown UIInterfaceOrientationLandscapeLeft UIInterfaceOrientationLandscapeRight";
				INFOPLIST_KEY_UISupportedInterfaceOrientations_iPhone = "UIInterfaceOrientationPortrait UIInterfaceOrientationLandscapeLeft UIInterfaceOrientationLandscapeRight";
				IPHONEOS_DEPLOYMENT_TARGET = 16.0;
				LD_RUNPATH_SEARCH_PATHS = "@executable_path/Frameworks";
				"LD_RUNPATH_SEARCH_PATHS[sdk=macosx*]" = "@executable_path/../Frameworks";
				MACOSX_DEPLOYMENT_TARGET = 12.3;
				MARKETING_VERSION = 1.0;
				PRODUCT_BUNDLE_IDENTIFIER = com.IntelligenSAP.IntelligenSAP;
				PRODUCT_NAME = "$(TARGET_NAME)";
				SDKROOT = auto;
				SUPPORTED_PLATFORMS = "iphoneos iphonesimulator macosx";
				SWIFT_EMIT_LOC_STRINGS = YES;
				SWIFT_VERSION = 5.0;
				TARGETED_DEVICE_FAMILY = "1,2";
			};
			name = Release;
		};
		36F7DD5228F3876300103389 /* Debug */ = {
			isa = XCBuildConfiguration;
			buildSettings = {
				ALWAYS_EMBED_SWIFT_STANDARD_LIBRARIES = YES;
				BUNDLE_LOADER = "$(TEST_HOST)";
				CODE_SIGN_STYLE = Automatic;
				CURRENT_PROJECT_VERSION = 1;
				DEAD_CODE_STRIPPING = YES;
				DEVELOPMENT_TEAM = G99U6X9N9H;
				GENERATE_INFOPLIST_FILE = YES;
				IPHONEOS_DEPLOYMENT_TARGET = 16.0;
				MACOSX_DEPLOYMENT_TARGET = 12.3;
				MARKETING_VERSION = 1.0;
				PRODUCT_BUNDLE_IDENTIFIER = com.IntelligenSAP.IntelligenSAPTests;
				PRODUCT_NAME = "$(TARGET_NAME)";
				SDKROOT = auto;
				SUPPORTED_PLATFORMS = "iphoneos iphonesimulator macosx";
				SWIFT_EMIT_LOC_STRINGS = NO;
				SWIFT_VERSION = 5.0;
				TARGETED_DEVICE_FAMILY = "1,2";
				TEST_HOST = "$(BUILT_PRODUCTS_DIR)/IntelligenSAP.app/$(BUNDLE_EXECUTABLE_FOLDER_PATH)/IntelligenSAP";
			};
			name = Debug;
		};
		36F7DD5328F3876300103389 /* Release */ = {
			isa = XCBuildConfiguration;
			buildSettings = {
				ALWAYS_EMBED_SWIFT_STANDARD_LIBRARIES = YES;
				BUNDLE_LOADER = "$(TEST_HOST)";
				CODE_SIGN_STYLE = Automatic;
				CURRENT_PROJECT_VERSION = 1;
				DEAD_CODE_STRIPPING = YES;
				DEVELOPMENT_TEAM = G99U6X9N9H;
				GENERATE_INFOPLIST_FILE = YES;
				IPHONEOS_DEPLOYMENT_TARGET = 16.0;
				MACOSX_DEPLOYMENT_TARGET = 12.3;
				MARKETING_VERSION = 1.0;
				PRODUCT_BUNDLE_IDENTIFIER = com.IntelligenSAP.IntelligenSAPTests;
				PRODUCT_NAME = "$(TARGET_NAME)";
				SDKROOT = auto;
				SUPPORTED_PLATFORMS = "iphoneos iphonesimulator macosx";
				SWIFT_EMIT_LOC_STRINGS = NO;
				SWIFT_VERSION = 5.0;
				TARGETED_DEVICE_FAMILY = "1,2";
				TEST_HOST = "$(BUILT_PRODUCTS_DIR)/IntelligenSAP.app/$(BUNDLE_EXECUTABLE_FOLDER_PATH)/IntelligenSAP";
			};
			name = Release;
		};
		36F7DD5528F3876300103389 /* Debug */ = {
			isa = XCBuildConfiguration;
			buildSettings = {
				ALWAYS_EMBED_SWIFT_STANDARD_LIBRARIES = YES;
				CODE_SIGN_STYLE = Automatic;
				CURRENT_PROJECT_VERSION = 1;
				DEAD_CODE_STRIPPING = YES;
				DEVELOPMENT_TEAM = G99U6X9N9H;
				GENERATE_INFOPLIST_FILE = YES;
				IPHONEOS_DEPLOYMENT_TARGET = 16.0;
				MACOSX_DEPLOYMENT_TARGET = 12.3;
				MARKETING_VERSION = 1.0;
				PRODUCT_BUNDLE_IDENTIFIER = com.IntelligenSAP.IntelligenSAPUITests;
				PRODUCT_NAME = "$(TARGET_NAME)";
				SDKROOT = auto;
				SUPPORTED_PLATFORMS = "iphoneos iphonesimulator macosx";
				SWIFT_EMIT_LOC_STRINGS = NO;
				SWIFT_VERSION = 5.0;
				TARGETED_DEVICE_FAMILY = "1,2";
				TEST_TARGET_NAME = IntelligenSAP;
			};
			name = Debug;
		};
		36F7DD5628F3876300103389 /* Release */ = {
			isa = XCBuildConfiguration;
			buildSettings = {
				ALWAYS_EMBED_SWIFT_STANDARD_LIBRARIES = YES;
				CODE_SIGN_STYLE = Automatic;
				CURRENT_PROJECT_VERSION = 1;
				DEAD_CODE_STRIPPING = YES;
				DEVELOPMENT_TEAM = G99U6X9N9H;
				GENERATE_INFOPLIST_FILE = YES;
				IPHONEOS_DEPLOYMENT_TARGET = 16.0;
				MACOSX_DEPLOYMENT_TARGET = 12.3;
				MARKETING_VERSION = 1.0;
				PRODUCT_BUNDLE_IDENTIFIER = com.IntelligenSAP.IntelligenSAPUITests;
				PRODUCT_NAME = "$(TARGET_NAME)";
				SDKROOT = auto;
				SUPPORTED_PLATFORMS = "iphoneos iphonesimulator macosx";
				SWIFT_EMIT_LOC_STRINGS = NO;
				SWIFT_VERSION = 5.0;
				TARGETED_DEVICE_FAMILY = "1,2";
				TEST_TARGET_NAME = IntelligenSAP;
			};
			name = Release;
		};
/* End XCBuildConfiguration section */

/* Begin XCConfigurationList section */
		36F7DD2428F3876300103389 /* Build configuration list for PBXProject "IntelligenSAP" */ = {
			isa = XCConfigurationList;
			buildConfigurations = (
				36F7DD4C28F3876300103389 /* Debug */,
				36F7DD4D28F3876300103389 /* Release */,
			);
			defaultConfigurationIsVisible = 0;
			defaultConfigurationName = Release;
		};
		36F7DD4E28F3876300103389 /* Build configuration list for PBXNativeTarget "IntelligenSAP" */ = {
			isa = XCConfigurationList;
			buildConfigurations = (
				36F7DD4F28F3876300103389 /* Debug */,
				36F7DD5028F3876300103389 /* Release */,
			);
			defaultConfigurationIsVisible = 0;
			defaultConfigurationName = Release;
		};
		36F7DD5128F3876300103389 /* Build configuration list for PBXNativeTarget "IntelligenSAPTests" */ = {
			isa = XCConfigurationList;
			buildConfigurations = (
				36F7DD5228F3876300103389 /* Debug */,
				36F7DD5328F3876300103389 /* Release */,
			);
			defaultConfigurationIsVisible = 0;
			defaultConfigurationName = Release;
		};
		36F7DD5428F3876300103389 /* Build configuration list for PBXNativeTarget "IntelligenSAPUITests" */ = {
			isa = XCConfigurationList;
			buildConfigurations = (
				36F7DD5528F3876300103389 /* Debug */,
				36F7DD5628F3876300103389 /* Release */,
			);
			defaultConfigurationIsVisible = 0;
			defaultConfigurationName = Release;
		};
/* End XCConfigurationList section */

/* Begin XCRemoteSwiftPackageReference section */
		36C4AC8B2906D28E00DE8F37 /* XCRemoteSwiftPackageReference "microsoft-authentication-library-for-objc" */ = {
			isa = XCRemoteSwiftPackageReference;
			repositoryURL = "https://github.com/AzureAD/microsoft-authentication-library-for-objc";
			requirement = {
				branch = master;
				kind = branch;
			};
		};
		36F7DD5728F3885E00103389 /* XCRemoteSwiftPackageReference "SwiftXLSX" */ = {
			isa = XCRemoteSwiftPackageReference;
			repositoryURL = "https://github.com/3973770/SwiftXLSX";
			requirement = {
				kind = upToNextMajorVersion;
				minimumVersion = 0.1.0;
			};
		};
/* End XCRemoteSwiftPackageReference section */

/* Begin XCSwiftPackageProductDependency section */
		36C4AC8C2906D28E00DE8F37 /* MSAL */ = {
			isa = XCSwiftPackageProductDependency;
			package = 36C4AC8B2906D28E00DE8F37 /* XCRemoteSwiftPackageReference "microsoft-authentication-library-for-objc" */;
			productName = MSAL;
		};
		36F7DD5828F3885E00103389 /* SwiftXLSX */ = {
			isa = XCSwiftPackageProductDependency;
			package = 36F7DD5728F3885E00103389 /* XCRemoteSwiftPackageReference "SwiftXLSX" */;
			productName = SwiftXLSX;
		};
/* End XCSwiftPackageProductDependency section */

/* Begin XCVersionGroup section */
		364A6437291D6AAB006582A0 /* IntelligenSAP.xcdatamodeld */ = {
			isa = XCVersionGroup;
			children = (
				364A6438291D6AAB006582A0 /* IntelligenSAP.xcdatamodel */,
			);
			currentVersion = 364A6438291D6AAB006582A0 /* IntelligenSAP.xcdatamodel */;
			path = IntelligenSAP.xcdatamodeld;
			sourceTree = "<group>";
			versionGroupType = wrapper.xcdatamodel;
		};
/* End XCVersionGroup section */
	};
	rootObject = 36F7DD2128F3876300103389 /* Project object */;
}
